
Microsoft Visual Studio Solution File, Format Version 12.00
# Visual Studio 15
VisualStudioVersion = 15.0.27428.2027
MinimumVisualStudioVersion = 10.0.40219.1
Project("{FAE04EC0-301F-11D3-BF4B-00C04F79EFBC}") = "ThuChiWebApi", "ThuChiWebApi\ThuChiWebApi.csproj", "{B455C2CC-9B41-4813-826E-B1B04C2574A5}"
EndProject
Global
	GlobalSection(SolutionConfigurationPlatforms) = preSolution
		Debug|Any CPU = Debug|Any CPU
		Release|Any CPU = Release|Any CPU
	EndGlobalSection
	GlobalSection(ProjectConfigurationPlatforms) = postSolution
		{B455C2CC-9B41-4813-826E-B1B04C2574A5}.Debug|Any CPU.ActiveCfg = Debug|Any CPU
		{B455C2CC-9B41-4813-826E-B1B04C2574A5}.Debug|Any CPU.Build.0 = Debug|Any CPU
		{B455C2CC-9B41-4813-826E-B1B04C2574A5}.Release|Any CPU.ActiveCfg = Release|Any CPU
		{B455C2CC-9B41-4813-826E-B1B04C2574A5}.Release|Any CPU.Build.0 = Release|Any CPU
	EndGlobalSection
	GlobalSection(SolutionProperties) = preSolution
		HideSolutionNode = FALSE
	EndGlobalSection
	GlobalSection(ExtensibilityGlobals) = postSolution
		SolutionGuid = {D0BFD7AE-46C6-46F6-9AA0-263E322DA906}
	EndGlobalSection
EndGlobal
